
Microsoft Visual Studio Solution File, Format Version 12.00
# Visual Studio Version 17
VisualStudioVersion = 17.14.36518.9
MinimumVisualStudioVersion = 10.0.40219.1
Project("{2150E333-8FDC-42A3-9474-1A3956D46DE8}") = "Itens de Solução", "Itens de Solução", "{380A7511-A354-6D7A-0CC0-8FA1F1BA7B6C}"
	ProjectSection(SolutionItems) = preProject
		.gitignore = .gitignore
		README.md = README.md
	EndProjectSection
EndProject
Project("{9A19103F-16F7-4668-BE54-9A1E7A4F7556}") = "Doily.Domain", "Doily.Domain\Doily.Domain.csproj", "{FE590921-EDAA-4757-9528-30CBAA6E3B41}"
EndProject
Project("{FAE04EC0-301F-11D3-BF4B-00C04F79EFBC}") = "Doily.API", "Doily.API\Doily.API.csproj", "{339E60B6-C43F-4EA7-8308-75D0B9C241C7}"
EndProject
Global
	GlobalSection(SolutionConfigurationPlatforms) = preSolution
		Debug|Any CPU = Debug|Any CPU
		Release|Any CPU = Release|Any CPU
	EndGlobalSection
	GlobalSection(ProjectConfigurationPlatforms) = postSolution
		{FE590921-EDAA-4757-9528-30CBAA6E3B41}.Debug|Any CPU.ActiveCfg = Debug|Any CPU
		{FE590921-EDAA-4757-9528-30CBAA6E3B41}.Debug|Any CPU.Build.0 = Debug|Any CPU
		{FE590921-EDAA-4757-9528-30CBAA6E3B41}.Release|Any CPU.ActiveCfg = Release|Any CPU
		{FE590921-EDAA-4757-9528-30CBAA6E3B41}.Release|Any CPU.Build.0 = Release|Any CPU
		{339E60B6-C43F-4EA7-8308-75D0B9C241C7}.Debug|Any CPU.ActiveCfg = Debug|Any CPU
		{339E60B6-C43F-4EA7-8308-75D0B9C241C7}.Debug|Any CPU.Build.0 = Debug|Any CPU
		{339E60B6-C43F-4EA7-8308-75D0B9C241C7}.Release|Any CPU.ActiveCfg = Release|Any CPU
		{339E60B6-C43F-4EA7-8308-75D0B9C241C7}.Release|Any CPU.Build.0 = Release|Any CPU
	EndGlobalSection
	GlobalSection(SolutionProperties) = preSolution
		HideSolutionNode = FALSE
	EndGlobalSection
	GlobalSection(ExtensibilityGlobals) = postSolution
		SolutionGuid = {6B64209B-43BE-44AC-AA2D-85CBBF18974C}
	EndGlobalSection
EndGlobal
